
Microsoft Visual Studio Solution File, Format Version 12.00
# Visual Studio 15
VisualStudioVersion = 15.0.28010.2016
MinimumVisualStudioVersion = 10.0.40219.1
Project("{FAE04EC0-301F-11D3-BF4B-00C04F79EFBC}") = "Transportation.Test", "Transportation.Test\Transportation.Test.csproj", "{B2384D09-B16C-4FE5-AB4C-0151010E4456}"
EndProject
Project("{FAE04EC0-301F-11D3-BF4B-00C04F79EFBC}") = "Transportation", "Transportation\Transportation.csproj", "{9EB7CAFA-0D83-42C2-A147-938238B29898}"
EndProject
Project("{FAE04EC0-301F-11D3-BF4B-00C04F79EFBC}") = "TransportationApp", "TransportationApp\TransportationApp.csproj", "{9920CE7C-B521-4B71-B8AC-E551C62ACDC6}"
EndProject
Global
	GlobalSection(SolutionConfigurationPlatforms) = preSolution
		Debug|Any CPU = Debug|Any CPU
		Release|Any CPU = Release|Any CPU
	EndGlobalSection
	GlobalSection(ProjectConfigurationPlatforms) = postSolution
		{B2384D09-B16C-4FE5-AB4C-0151010E4456}.Debug|Any CPU.ActiveCfg = Debug|Any CPU
		{B2384D09-B16C-4FE5-AB4C-0151010E4456}.Debug|Any CPU.Build.0 = Debug|Any CPU
		{B2384D09-B16C-4FE5-AB4C-0151010E4456}.Release|Any CPU.ActiveCfg = Release|Any CPU
		{B2384D09-B16C-4FE5-AB4C-0151010E4456}.Release|Any CPU.Build.0 = Release|Any CPU
		{9EB7CAFA-0D83-42C2-A147-938238B29898}.Debug|Any CPU.ActiveCfg = Debug|Any CPU
		{9EB7CAFA-0D83-42C2-A147-938238B29898}.Debug|Any CPU.Build.0 = Debug|Any CPU
		{9EB7CAFA-0D83-42C2-A147-938238B29898}.Release|Any CPU.ActiveCfg = Release|Any CPU
		{9EB7CAFA-0D83-42C2-A147-938238B29898}.Release|Any CPU.Build.0 = Release|Any CPU
		{9920CE7C-B521-4B71-B8AC-E551C62ACDC6}.Debug|Any CPU.ActiveCfg = Debug|Any CPU
		{9920CE7C-B521-4B71-B8AC-E551C62ACDC6}.Debug|Any CPU.Build.0 = Debug|Any CPU
		{9920CE7C-B521-4B71-B8AC-E551C62ACDC6}.Release|Any CPU.ActiveCfg = Release|Any CPU
		{9920CE7C-B521-4B71-B8AC-E551C62ACDC6}.Release|Any CPU.Build.0 = Release|Any CPU
	EndGlobalSection
	GlobalSection(SolutionProperties) = preSolution
		HideSolutionNode = FALSE
	EndGlobalSection
	GlobalSection(ExtensibilityGlobals) = postSolution
		SolutionGuid = {D223D110-14B7-4DC1-8998-86A923688585}
	EndGlobalSection
EndGlobal
